// !$*UTF8*$!
{
	archiveVersion = 1;
	classes = {
	};
	objectVersion = 50;
	objects = {

/* Begin PBXBuildFile section */
		5D63249C25EAEE550031EB39 /* TextViews.swift in Sources */ = {isa = PBXBuildFile; fileRef = 5D63249B25EAEE550031EB39 /* TextViews.swift */; };
		5D6324A925EAFA040031EB39 /* Shapes.swift in Sources */ = {isa = PBXBuildFile; fileRef = 5D6324A825EAFA040031EB39 /* Shapes.swift */; };
		5D6324AE25EB068A0031EB39 /* RoundedViews.swift in Sources */ = {isa = PBXBuildFile; fileRef = 5D6324AD25EB068A0031EB39 /* RoundedViews.swift */; };
		5D6324B325EB0E5D0031EB39 /* BackgroundView.swift in Sources */ = {isa = PBXBuildFile; fileRef = 5D6324B225EB0E5D0031EB39 /* BackgroundView.swift */; };
		5D6324B825EC04800031EB39 /* PointsView.swift in Sources */ = {isa = PBXBuildFile; fileRef = 5D6324B725EC04800031EB39 /* PointsView.swift */; };
		5D6324C325EC26FA0031EB39 /* Constants.swift in Sources */ = {isa = PBXBuildFile; fileRef = 5D6324C225EC26FA0031EB39 /* Constants.swift */; };
		5D6324CB25EC32E70031EB39 /* LeaderboardView.swift in Sources */ = {isa = PBXBuildFile; fileRef = 5D6324CA25EC32E70031EB39 /* LeaderboardView.swift */; };
		5D76016425E9E4690017F984 /* Game.swift in Sources */ = {isa = PBXBuildFile; fileRef = 5D76016325E9E4690017F984 /* Game.swift */; };
		5DAE40D625E97F3200CECCF3 /* BullseyeApp.swift in Sources */ = {isa = PBXBuildFile; fileRef = 5DAE40D525E97F3200CECCF3 /* BullseyeApp.swift */; };
		5DAE40D825E97F3200CECCF3 /* ContentView.swift in Sources */ = {isa = PBXBuildFile; fileRef = 5DAE40D725E97F3200CECCF3 /* ContentView.swift */; };
		5DAE40DA25E97F3400CECCF3 /* Assets.xcassets in Resources */ = {isa = PBXBuildFile; fileRef = 5DAE40D925E97F3400CECCF3 /* Assets.xcassets */; };
		5DAE40DD25E97F3400CECCF3 /* Preview Assets.xcassets in Resources */ = {isa = PBXBuildFile; fileRef = 5DAE40DC25E97F3400CECCF3 /* Preview Assets.xcassets */; };
		5DAE40E825E97F3400CECCF3 /* BullseyeTests.swift in Sources */ = {isa = PBXBuildFile; fileRef = 5DAE40E725E97F3400CECCF3 /* BullseyeTests.swift */; };
		5DAE40F325E97F3400CECCF3 /* BullseyeUITests.swift in Sources */ = {isa = PBXBuildFile; fileRef = 5DAE40F225E97F3400CECCF3 /* BullseyeUITests.swift */; };
/* End PBXBuildFile section */

/* Begin PBXContainerItemProxy section */
		5DAE40E425E97F3400CECCF3 /* PBXContainerItemProxy */ = {
			isa = PBXContainerItemProxy;
			containerPortal = 5DAE40CA25E97F3200CECCF3 /* Project object */;
			proxyType = 1;
			remoteGlobalIDString = 5DAE40D125E97F3200CECCF3;
			remoteInfo = Bullseye;
		};
		5DAE40EF25E97F3400CECCF3 /* PBXContainerItemProxy */ = {
			isa = PBXContainerItemProxy;
			containerPortal = 5DAE40CA25E97F3200CECCF3 /* Project object */;
			proxyType = 1;
			remoteGlobalIDString = 5DAE40D125E97F3200CECCF3;
			remoteInfo = Bullseye;
		};
/* End PBXContainerItemProxy section */

/* Begin PBXFileReference section */
		5D63249B25EAEE550031EB39 /* TextViews.swift */ = {isa = PBXFileReference; lastKnownFileType = sourcecode.swift; path = TextViews.swift; sourceTree = "<group>"; };
		5D6324A825EAFA040031EB39 /* Shapes.swift */ = {isa = PBXFileReference; lastKnownFileType = sourcecode.swift; path = Shapes.swift; sourceTree = "<group>"; };
		5D6324AD25EB068A0031EB39 /* RoundedViews.swift */ = {isa = PBXFileReference; lastKnownFileType = sourcecode.swift; path = RoundedViews.swift; sourceTree = "<group>"; };
		5D6324B225EB0E5D0031EB39 /* BackgroundView.swift */ = {isa = PBXFileReference; lastKnownFileType = sourcecode.swift; path = BackgroundView.swift; sourceTree = "<group>"; };
		5D6324B725EC04800031EB39 /* PointsView.swift */ = {isa = PBXFileReference; lastKnownFileType = sourcecode.swift; path = PointsView.swift; sourceTree = "<group>"; };
		5D6324C225EC26FA0031EB39 /* Constants.swift */ = {isa = PBXFileReference; lastKnownFileType = sourcecode.swift; path = Constants.swift; sourceTree = "<group>"; };
		5D6324CA25EC32E70031EB39 /* LeaderboardView.swift */ = {isa = PBXFileReference; lastKnownFileType = sourcecode.swift; path = LeaderboardView.swift; sourceTree = "<group>"; };
		5D76016325E9E4690017F984 /* Game.swift */ = {isa = PBXFileReference; lastKnownFileType = sourcecode.swift; path = Game.swift; sourceTree = "<group>"; };
		5DAE40D225E97F3200CECCF3 /* Bullseye.app */ = {isa = PBXFileReference; explicitFileType = wrapper.application; includeInIndex = 0; path = Bullseye.app; sourceTree = BUILT_PRODUCTS_DIR; };
		5DAE40D525E97F3200CECCF3 /* BullseyeApp.swift */ = {isa = PBXFileReference; lastKnownFileType = sourcecode.swift; path = BullseyeApp.swift; sourceTree = "<group>"; };
		5DAE40D725E97F3200CECCF3 /* ContentView.swift */ = {isa = PBXFileReference; lastKnownFileType = sourcecode.swift; path = ContentView.swift; sourceTree = "<group>"; };
		5DAE40D925E97F3400CECCF3 /* Assets.xcassets */ = {isa = PBXFileReference; lastKnownFileType = folder.assetcatalog; path = Assets.xcassets; sourceTree = "<group>"; };
		5DAE40DC25E97F3400CECCF3 /* Preview Assets.xcassets */ = {isa = PBXFileReference; lastKnownFileType = folder.assetcatalog; path = "Preview Assets.xcassets"; sourceTree = "<group>"; };
		5DAE40DE25E97F3400CECCF3 /* Info.plist */ = {isa = PBXFileReference; lastKnownFileType = text.plist.xml; path = Info.plist; sourceTree = "<group>"; };
		5DAE40E325E97F3400CECCF3 /* BullseyeTests.xctest */ = {isa = PBXFileReference; explicitFileType = wrapper.cfbundle; includeInIndex = 0; path = BullseyeTests.xctest; sourceTree = BUILT_PRODUCTS_DIR; };
		5DAE40E725E97F3400CECCF3 /* BullseyeTests.swift */ = {isa = PBXFileReference; lastKnownFileType = sourcecode.swift; path = BullseyeTests.swift; sourceTree = "<group>"; };
		5DAE40E925E97F3400CECCF3 /* Info.plist */ = {isa = PBXFileReference; lastKnownFileType = text.plist.xml; path = Info.plist; sourceTree = "<group>"; };
		5DAE40EE25E97F3400CECCF3 /* BullseyeUITests.xctest */ = {isa = PBXFileReference; explicitFileType = wrapper.cfbundle; includeInIndex = 0; path = BullseyeUITests.xctest; sourceTree = BUILT_PRODUCTS_DIR; };
		5DAE40F225E97F3400CECCF3 /* BullseyeUITests.swift */ = {isa = PBXFileReference; lastKnownFileType = sourcecode.swift; path = BullseyeUITests.swift; sourceTree = "<group>"; };
		5DAE40F425E97F3400CECCF3 /* Info.plist */ = {isa = PBXFileReference; lastKnownFileType = text.plist.xml; path = Info.plist; sourceTree = "<group>"; };
/* End PBXFileReference section */

/* Begin PBXFrameworksBuildPhase section */
		5DAE40CF25E97F3200CECCF3 /* Frameworks */ = {
			isa = PBXFrameworksBuildPhase;
			buildActionMask = 2147483647;
			files = (
			);
			runOnlyForDeploymentPostprocessing = 0;
		};
		5DAE40E025E97F3400CECCF3 /* Frameworks */ = {
			isa = PBXFrameworksBuildPhase;
			buildActionMask = 2147483647;
			files = (
			);
			runOnlyForDeploymentPostprocessing = 0;
		};
		5DAE40EB25E97F3400CECCF3 /* Frameworks */ = {
			isa = PBXFrameworksBuildPhase;
			buildActionMask = 2147483647;
			files = (
			);
			runOnlyForDeploymentPostprocessing = 0;
		};
/* End PBXFrameworksBuildPhase section */

/* Begin PBXGroup section */
		5D76015A25E9E3130017F984 /* Views */ = {
			isa = PBXGroup;
			children = (
				5DAE40D725E97F3200CECCF3 /* ContentView.swift */,
				5D63249B25EAEE550031EB39 /* TextViews.swift */,
				5D6324A825EAFA040031EB39 /* Shapes.swift */,
				5D6324AD25EB068A0031EB39 /* RoundedViews.swift */,
				5D6324B225EB0E5D0031EB39 /* BackgroundView.swift */,
				5D6324B725EC04800031EB39 /* PointsView.swift */,
				5D6324CA25EC32E70031EB39 /* LeaderboardView.swift */,
			);
			path = Views;
			sourceTree = "<group>";
		};
		5D76015B25E9E31A0017F984 /* Models */ = {
			isa = PBXGroup;
			children = (
				5D76016325E9E4690017F984 /* Game.swift */,
				5D6324C225EC26FA0031EB39 /* Constants.swift */,
			);
			path = Models;
			sourceTree = "<group>";
		};
		5D76015C25E9E3350017F984 /* App */ = {
			isa = PBXGroup;
			children = (
				5DAE40D525E97F3200CECCF3 /* BullseyeApp.swift */,
				5DAE40D925E97F3400CECCF3 /* Assets.xcassets */,
				5DAE40DE25E97F3400CECCF3 /* Info.plist */,
			);
			path = App;
			sourceTree = "<group>";
		};
		5DAE40C925E97F3200CECCF3 = {
			isa = PBXGroup;
			children = (
				5DAE40D425E97F3200CECCF3 /* Bullseye */,
				5DAE40E625E97F3400CECCF3 /* BullseyeTests */,
				5DAE40F125E97F3400CECCF3 /* BullseyeUITests */,
				5DAE40D325E97F3200CECCF3 /* Products */,
			);
			sourceTree = "<group>";
		};
		5DAE40D325E97F3200CECCF3 /* Products */ = {
			isa = PBXGroup;
			children = (
				5DAE40D225E97F3200CECCF3 /* Bullseye.app */,
				5DAE40E325E97F3400CECCF3 /* BullseyeTests.xctest */,
				5DAE40EE25E97F3400CECCF3 /* BullseyeUITests.xctest */,
			);
			name = Products;
			sourceTree = "<group>";
		};
		5DAE40D425E97F3200CECCF3 /* Bullseye */ = {
			isa = PBXGroup;
			children = (
				5D76015C25E9E3350017F984 /* App */,
				5D76015B25E9E31A0017F984 /* Models */,
				5D76015A25E9E3130017F984 /* Views */,
				5DAE40DB25E97F3400CECCF3 /* Preview Content */,
			);
			path = Bullseye;
			sourceTree = "<group>";
		};
		5DAE40DB25E97F3400CECCF3 /* Preview Content */ = {
			isa = PBXGroup;
			children = (
				5DAE40DC25E97F3400CECCF3 /* Preview Assets.xcassets */,
			);
			path = "Preview Content";
			sourceTree = "<group>";
		};
		5DAE40E625E97F3400CECCF3 /* BullseyeTests */ = {
			isa = PBXGroup;
			children = (
				5DAE40E725E97F3400CECCF3 /* BullseyeTests.swift */,
				5DAE40E925E97F3400CECCF3 /* Info.plist */,
			);
			path = BullseyeTests;
			sourceTree = "<group>";
		};
		5DAE40F125E97F3400CECCF3 /* BullseyeUITests */ = {
			isa = PBXGroup;
			children = (
				5DAE40F225E97F3400CECCF3 /* BullseyeUITests.swift */,
				5DAE40F425E97F3400CECCF3 /* Info.plist */,
			);
			path = BullseyeUITests;
			sourceTree = "<group>";
		};
/* End PBXGroup section */

/* Begin PBXNativeTarget section */
		5DAE40D125E97F3200CECCF3 /* Bullseye */ = {
			isa = PBXNativeTarget;
			buildConfigurationList = 5DAE40F725E97F3400CECCF3 /* Build configuration list for PBXNativeTarget "Bullseye" */;
			buildPhases = (
				5DAE40CE25E97F3200CECCF3 /* Sources */,
				5DAE40CF25E97F3200CECCF3 /* Frameworks */,
				5DAE40D025E97F3200CECCF3 /* Resources */,
			);
			buildRules = (
			);
			dependencies = (
			);
			name = Bullseye;
			productName = Bullseye;
			productReference = 5DAE40D225E97F3200CECCF3 /* Bullseye.app */;
			productType = "com.apple.product-type.application";
		};
		5DAE40E225E97F3400CECCF3 /* BullseyeTests */ = {
			isa = PBXNativeTarget;
			buildConfigurationList = 5DAE40FA25E97F3400CECCF3 /* Build configuration list for PBXNativeTarget "BullseyeTests" */;
			buildPhases = (
				5DAE40DF25E97F3400CECCF3 /* Sources */,
				5DAE40E025E97F3400CECCF3 /* Frameworks */,
				5DAE40E125E97F3400CECCF3 /* Resources */,
			);
			buildRules = (
			);
			dependencies = (
				5DAE40E525E97F3400CECCF3 /* PBXTargetDependency */,
			);
			name = BullseyeTests;
			productName = BullseyeTests;
			productReference = 5DAE40E325E97F3400CECCF3 /* BullseyeTests.xctest */;
			productType = "com.apple.product-type.bundle.unit-test";
		};
		5DAE40ED25E97F3400CECCF3 /* BullseyeUITests */ = {
			isa = PBXNativeTarget;
			buildConfigurationList = 5DAE40FD25E97F3400CECCF3 /* Build configuration list for PBXNativeTarget "BullseyeUITests" */;
			buildPhases = (
				5DAE40EA25E97F3400CECCF3 /* Sources */,
				5DAE40EB25E97F3400CECCF3 /* Frameworks */,
				5DAE40EC25E97F3400CECCF3 /* Resources */,
			);
			buildRules = (
			);
			dependencies = (
				5DAE40F025E97F3400CECCF3 /* PBXTargetDependency */,
			);
			name = BullseyeUITests;
			productName = BullseyeUITests;
			productReference = 5DAE40EE25E97F3400CECCF3 /* BullseyeUITests.xctest */;
			productType = "com.apple.product-type.bundle.ui-testing";
		};
/* End PBXNativeTarget section */

/* Begin PBXProject section */
		5DAE40CA25E97F3200CECCF3 /* Project object */ = {
			isa = PBXProject;
			attributes = {
				LastSwiftUpdateCheck = 1240;
				LastUpgradeCheck = 1240;
				TargetAttributes = {
					5DAE40D125E97F3200CECCF3 = {
						CreatedOnToolsVersion = 12.4;
					};
					5DAE40E225E97F3400CECCF3 = {
						CreatedOnToolsVersion = 12.4;
						TestTargetID = 5DAE40D125E97F3200CECCF3;
					};
					5DAE40ED25E97F3400CECCF3 = {
						CreatedOnToolsVersion = 12.4;
						TestTargetID = 5DAE40D125E97F3200CECCF3;
					};
				};
			};
			buildConfigurationList = 5DAE40CD25E97F3200CECCF3 /* Build configuration list for PBXProject "Bullseye" */;
			compatibilityVersion = "Xcode 9.3";
			developmentRegion = en;
			hasScannedForEncodings = 0;
			knownRegions = (
				en,
				Base,
			);
			mainGroup = 5DAE40C925E97F3200CECCF3;
			productRefGroup = 5DAE40D325E97F3200CECCF3 /* Products */;
			projectDirPath = "";
			projectRoot = "";
			targets = (
				5DAE40D125E97F3200CECCF3 /* Bullseye */,
				5DAE40E225E97F3400CECCF3 /* BullseyeTests */,
				5DAE40ED25E97F3400CECCF3 /* BullseyeUITests */,
			);
		};
/* End PBXProject section */

/* Begin PBXResourcesBuildPhase section */
		5DAE40D025E97F3200CECCF3 /* Resources */ = {
			isa = PBXResourcesBuildPhase;
			buildActionMask = 2147483647;
			files = (
				5DAE40DD25E97F3400CECCF3 /* Preview Assets.xcassets in Resources */,
				5DAE40DA25E97F3400CECCF3 /* Assets.xcassets in Resources */,
			);
			runOnlyForDeploymentPostprocessing = 0;
		};
		5DAE40E125E97F3400CECCF3 /* Resources */ = {
			isa = PBXResourcesBuildPhase;
			buildActionMask = 2147483647;
			files = (
			);
			runOnlyForDeploymentPostprocessing = 0;
		};
		5DAE40EC25E97F3400CECCF3 /* Resources */ = {
			isa = PBXResourcesBuildPhase;
			buildActionMask = 2147483647;
			files = (
			);
			runOnlyForDeploymentPostprocessing = 0;
		};
/* End PBXResourcesBuildPhase section */

/* Begin PBXSourcesBuildPhase section */
		5DAE40CE25E97F3200CECCF3 /* Sources */ = {
			isa = PBXSourcesBuildPhase;
			buildActionMask = 2147483647;
			files = (
				5D6324AE25EB068A0031EB39 /* RoundedViews.swift in Sources */,
				5DAE40D825E97F3200CECCF3 /* ContentView.swift in Sources */,
				5D63249C25EAEE550031EB39 /* TextViews.swift in Sources */,
				5D6324B825EC04800031EB39 /* PointsView.swift in Sources */,
				5D6324B325EB0E5D0031EB39 /* BackgroundView.swift in Sources */,
				5D6324A925EAFA040031EB39 /* Shapes.swift in Sources */,
				5D6324C325EC26FA0031EB39 /* Constants.swift in Sources */,
				5D76016425E9E4690017F984 /* Game.swift in Sources */,
				5DAE40D625E97F3200CECCF3 /* BullseyeApp.swift in Sources */,
				5D6324CB25EC32E70031EB39 /* LeaderboardView.swift in Sources */,
			);
			runOnlyForDeploymentPostprocessing = 0;
		};
		5DAE40DF25E97F3400CECCF3 /* Sources */ = {
			isa = PBXSourcesBuildPhase;
			buildActionMask = 2147483647;
			files = (
				5DAE40E825E97F3400CECCF3 /* BullseyeTests.swift in Sources */,
			);
			runOnlyForDeploymentPostprocessing = 0;
		};
		5DAE40EA25E97F3400CECCF3 /* Sources */ = {
			isa = PBXSourcesBuildPhase;
			buildActionMask = 2147483647;
			files = (
				5DAE40F325E97F3400CECCF3 /* BullseyeUITests.swift in Sources */,
			);
			runOnlyForDeploymentPostprocessing = 0;
		};
/* End PBXSourcesBuildPhase section */

/* Begin PBXTargetDependency section */
		5DAE40E525E97F3400CECCF3 /* PBXTargetDependency */ = {
			isa = PBXTargetDependency;
			target = 5DAE40D125E97F3200CECCF3 /* Bullseye */;
			targetProxy = 5DAE40E425E97F3400CECCF3 /* PBXContainerItemProxy */;
		};
		5DAE40F025E97F3400CECCF3 /* PBXTargetDependency */ = {
			isa = PBXTargetDependency;
			target = 5DAE40D125E97F3200CECCF3 /* Bullseye */;
			targetProxy = 5DAE40EF25E97F3400CECCF3 /* PBXContainerItemProxy */;
		};
/* End PBXTargetDependency section */

/* Begin XCBuildConfiguration section */
		5DAE40F525E97F3400CECCF3 /* Debug */ = {
			isa = XCBuildConfiguration;
			buildSettings = {
				ALWAYS_SEARCH_USER_PATHS = NO;
				CLANG_ANALYZER_NONNULL = YES;
				CLANG_ANALYZER_NUMBER_OBJECT_CONVERSION = YES_AGGRESSIVE;
				CLANG_CXX_LANGUAGE_STANDARD = "gnu++14";
				CLANG_CXX_LIBRARY = "libc++";
				CLANG_ENABLE_MODULES = YES;
				CLANG_ENABLE_OBJC_ARC = YES;
				CLANG_ENABLE_OBJC_WEAK = YES;
				CLANG_WARN_BLOCK_CAPTURE_AUTORELEASING = YES;
				CLANG_WARN_BOOL_CONVERSION = YES;
				CLANG_WARN_COMMA = YES;
				CLANG_WARN_CONSTANT_CONVERSION = YES;
				CLANG_WARN_DEPRECATED_OBJC_IMPLEMENTATIONS = YES;
				CLANG_WARN_DIRECT_OBJC_ISA_USAGE = YES_ERROR;
				CLANG_WARN_DOCUMENTATION_COMMENTS = YES;
				CLANG_WARN_EMPTY_BODY = YES;
				CLANG_WARN_ENUM_CONVERSION = YES;
				CLANG_WARN_INFINITE_RECURSION = YES;
				CLANG_WARN_INT_CONVERSION = YES;
				CLANG_WARN_NON_LITERAL_NULL_CONVERSION = YES;
				CLANG_WARN_OBJC_IMPLICIT_RETAIN_SELF = YES;
				CLANG_WARN_OBJC_LITERAL_CONVERSION = YES;
				CLANG_WARN_OBJC_ROOT_CLASS = YES_ERROR;
				CLANG_WARN_QUOTED_INCLUDE_IN_FRAMEWORK_HEADER = YES;
				CLANG_WARN_RANGE_LOOP_ANALYSIS = YES;
				CLANG_WARN_STRICT_PROTOTYPES = YES;
				CLANG_WARN_SUSPICIOUS_MOVE = YES;
				CLANG_WARN_UNGUARDED_AVAILABILITY = YES_AGGRESSIVE;
				CLANG_WARN_UNREACHABLE_CODE = YES;
				CLANG_WARN__DUPLICATE_METHOD_MATCH = YES;
				COPY_PHASE_STRIP = NO;
				DEBUG_INFORMATION_FORMAT = dwarf;
				ENABLE_STRICT_OBJC_MSGSEND = YES;
				ENABLE_TESTABILITY = YES;
				GCC_C_LANGUAGE_STANDARD = gnu11;
				GCC_DYNAMIC_NO_PIC = NO;
				GCC_NO_COMMON_BLOCKS = YES;
				GCC_OPTIMIZATION_LEVEL = 0;
				GCC_PREPROCESSOR_DEFINITIONS = (
					"DEBUG=1",
					"$(inherited)",
				);
				GCC_WARN_64_TO_32_BIT_CONVERSION = YES;
				GCC_WARN_ABOUT_RETURN_TYPE = YES_ERROR;
				GCC_WARN_UNDECLARED_SELECTOR = YES;
				GCC_WARN_UNINITIALIZED_AUTOS = YES_AGGRESSIVE;
				GCC_WARN_UNUSED_FUNCTION = YES;
				GCC_WARN_UNUSED_VARIABLE = YES;
				IPHONEOS_DEPLOYMENT_TARGET = 14.4;
				MTL_ENABLE_DEBUG_INFO = INCLUDE_SOURCE;
				MTL_FAST_MATH = YES;
				ONLY_ACTIVE_ARCH = YES;
				SDKROOT = iphoneos;
				SWIFT_ACTIVE_COMPILATION_CONDITIONS = DEBUG;
				SWIFT_OPTIMIZATION_LEVEL = "-Onone";
			};
			name = Debug;
		};
		5DAE40F625E97F3400CECCF3 /* Release */ = {
			isa = XCBuildConfiguration;
			buildSettings = {
				ALWAYS_SEARCH_USER_PATHS = NO;
				CLANG_ANALYZER_NONNULL = YES;
				CLANG_ANALYZER_NUMBER_OBJECT_CONVERSION = YES_AGGRESSIVE;
				CLANG_CXX_LANGUAGE_STANDARD = "gnu++14";
				CLANG_CXX_LIBRARY = "libc++";
				CLANG_ENABLE_MODULES = YES;
				CLANG_ENABLE_OBJC_ARC = YES;
				CLANG_ENABLE_OBJC_WEAK = YES;
				CLANG_WARN_BLOCK_CAPTURE_AUTORELEASING = YES;
				CLANG_WARN_BOOL_CONVERSION = YES;
				CLANG_WARN_COMMA = YES;
				CLANG_WARN_CONSTANT_CONVERSION = YES;
				CLANG_WARN_DEPRECATED_OBJC_IMPLEMENTATIONS = YES;
				CLANG_WARN_DIRECT_OBJC_ISA_USAGE = YES_ERROR;
				CLANG_WARN_DOCUMENTATION_COMMENTS = YES;
				CLANG_WARN_EMPTY_BODY = YES;
				CLANG_WARN_ENUM_CONVERSION = YES;
				CLANG_WARN_INFINITE_RECURSION = YES;
				CLANG_WARN_INT_CONVERSION = YES;
				CLANG_WARN_NON_LITERAL_NULL_CONVERSION = YES;
				CLANG_WARN_OBJC_IMPLICIT_RETAIN_SELF = YES;
				CLANG_WARN_OBJC_LITERAL_CONVERSION = YES;
				CLANG_WARN_OBJC_ROOT_CLASS = YES_ERROR;
				CLANG_WARN_QUOTED_INCLUDE_IN_FRAMEWORK_HEADER = YES;
				CLANG_WARN_RANGE_LOOP_ANALYSIS = YES;
				CLANG_WARN_STRICT_PROTOTYPES = YES;
				CLANG_WARN_SUSPICIOUS_MOVE = YES;
				CLANG_WARN_UNGUARDED_AVAILABILITY = YES_AGGRESSIVE;
				CLANG_WARN_UNREACHABLE_CODE = YES;
				CLANG_WARN__DUPLICATE_METHOD_MATCH = YES;
				COPY_PHASE_STRIP = NO;
				DEBUG_INFORMATION_FORMAT = "dwarf-with-dsym";
				ENABLE_NS_ASSERTIONS = NO;
				ENABLE_STRICT_OBJC_MSGSEND = YES;
				GCC_C_LANGUAGE_STANDARD = gnu11;
				GCC_NO_COMMON_BLOCKS = YES;
				GCC_WARN_64_TO_32_BIT_CONVERSION = YES;
				GCC_WARN_ABOUT_RETURN_TYPE = YES_ERROR;
				GCC_WARN_UNDECLARED_SELECTOR = YES;
				GCC_WARN_UNINITIALIZED_AUTOS = YES_AGGRESSIVE;
				GCC_WARN_UNUSED_FUNCTION = YES;
				GCC_WARN_UNUSED_VARIABLE = YES;
				IPHONEOS_DEPLOYMENT_TARGET = 14.4;
				MTL_ENABLE_DEBUG_INFO = NO;
				MTL_FAST_MATH = YES;
				SDKROOT = iphoneos;
				SWIFT_COMPILATION_MODE = wholemodule;
				SWIFT_OPTIMIZATION_LEVEL = "-O";
				VALIDATE_PRODUCT = YES;
			};
			name = Release;
		};
		5DAE40F825E97F3400CECCF3 /* Debug */ = {
			isa = XCBuildConfiguration;
			buildSettings = {
				ASSETCATALOG_COMPILER_APPICON_NAME = AppIcon;
				ASSETCATALOG_COMPILER_GLOBAL_ACCENT_COLOR_NAME = AccentColor;
				CODE_SIGN_STYLE = Automatic;
				DEVELOPMENT_ASSET_PATHS = "\"Bullseye/Preview Content\"";
				DEVELOPMENT_TEAM = 4N3Z8LH6D3;
				ENABLE_PREVIEWS = YES;
				INFOPLIST_FILE = Bullseye/App/Info.plist;
				IPHONEOS_DEPLOYMENT_TARGET = 14.0;
				LD_RUNPATH_SEARCH_PATHS = (
					"$(inherited)",
					"@executable_path/Frameworks",
				);
				PRODUCT_BUNDLE_IDENTIFIER = com.evansyeung.Bullseye;
				PRODUCT_NAME = "$(TARGET_NAME)";
				SWIFT_VERSION = 5.0;
				TARGETED_DEVICE_FAMILY = "1,2";
			};
			name = Debug;
		};
		5DAE40F925E97F3400CECCF3 /* Release */ = {
			isa = XCBuildConfiguration;
			buildSettings = {
				ASSETCATALOG_COMPILER_APPICON_NAME = AppIcon;
				ASSETCATALOG_COMPILER_GLOBAL_ACCENT_COLOR_NAME = AccentColor;
				CODE_SIGN_STYLE = Automatic;
				DEVELOPMENT_ASSET_PATHS = "\"Bullseye/Preview Content\"";
				DEVELOPMENT_TEAM = 4N3Z8LH6D3;
				ENABLE_PREVIEWS = YES;
				INFOPLIST_FILE = Bullseye/App/Info.plist;
				IPHONEOS_DEPLOYMENT_TARGET = 14.0;
				LD_RUNPATH_SEARCH_PATHS = (
					"$(inherited)",
					"@executable_path/Frameworks",
				);
				PRODUCT_BUNDLE_IDENTIFIER = com.evansyeung.Bullseye;
				PRODUCT_NAME = "$(TARGET_NAME)";
				SWIFT_VERSION = 5.0;
				TARGETED_DEVICE_FAMILY = "1,2";
			};
			name = Release;
		};
		5DAE40FB25E97F3400CECCF3 /* Debug */ = {
			isa = XCBuildConfiguration;
			buildSettings = {
				ALWAYS_EMBED_SWIFT_STANDARD_LIBRARIES = YES;
				BUNDLE_LOADER = "$(TEST_HOST)";
				CODE_SIGN_STYLE = Automatic;
				DEVELOPMENT_TEAM = 4N3Z8LH6D3;
				INFOPLIST_FILE = BullseyeTests/Info.plist;
				IPHONEOS_DEPLOYMENT_TARGET = 14.0;
				LD_RUNPATH_SEARCH_PATHS = (
					"$(inherited)",
					"@executable_path/Frameworks",
					"@loader_path/Frameworks",
				);
				PRODUCT_BUNDLE_IDENTIFIER = com.evansyeung.BullseyeTests;
				PRODUCT_NAME = "$(TARGET_NAME)";
				SWIFT_VERSION = 5.0;
				TARGETED_DEVICE_FAMILY = "1,2";
				TEST_HOST = "$(BUILT_PRODUCTS_DIR)/Bullseye.app/Bullseye";
			};
			name = Debug;
		};
		5DAE40FC25E97F3400CECCF3 /* Release */ = {
			isa = XCBuildConfiguration;
			buildSettings = {
				ALWAYS_EMBED_SWIFT_STANDARD_LIBRARIES = YES;
				BUNDLE_LOADER = "$(TEST_HOST)";
				CODE_SIGN_STYLE = Automatic;
				DEVELOPMENT_TEAM = 4N3Z8LH6D3;
				INFOPLIST_FILE = BullseyeTests/Info.plist;
				IPHONEOS_DEPLOYMENT_TARGET = 14.0;
				LD_RUNPATH_SEARCH_PATHS = (
					"$(inherited)",
					"@executable_path/Frameworks",
					"@loader_path/Frameworks",
				);
				PRODUCT_BUNDLE_IDENTIFIER = com.evansyeung.BullseyeTests;
				PRODUCT_NAME = "$(TARGET_NAME)";
				SWIFT_VERSION = 5.0;
				TARGETED_DEVICE_FAMILY = "1,2";
				TEST_HOST = "$(BUILT_PRODUCTS_DIR)/Bullseye.app/Bullseye";
			};
			name = Release;
		};
		5DAE40FE25E97F3400CECCF3 /* Debug */ = {
			isa = XCBuildConfiguration;
			buildSettings = {
				ALWAYS_EMBED_SWIFT_STANDARD_LIBRARIES = YES;
				CODE_SIGN_STYLE = Automatic;
				DEVELOPMENT_TEAM = 4N3Z8LH6D3;
				INFOPLIST_FILE = BullseyeUITests/Info.plist;
				LD_RUNPATH_SEARCH_PATHS = (
					"$(inherited)",
					"@executable_path/Frameworks",
					"@loader_path/Frameworks",
				);
				PRODUCT_BUNDLE_IDENTIFIER = com.evansyeung.BullseyeUITests;
				PRODUCT_NAME = "$(TARGET_NAME)";
				SWIFT_VERSION = 5.0;
				TARGETED_DEVICE_FAMILY = "1,2";
				TEST_TARGET_NAME = Bullseye;
			};
			name = Debug;
		};
		5DAE40FF25E97F3400CECCF3 /* Release */ = {
			isa = XCBuildConfiguration;
			buildSettings = {
				ALWAYS_EMBED_SWIFT_STANDARD_LIBRARIES = YES;
				CODE_SIGN_STYLE = Automatic;
				DEVELOPMENT_TEAM = 4N3Z8LH6D3;
				INFOPLIST_FILE = BullseyeUITests/Info.plist;
				LD_RUNPATH_SEARCH_PATHS = (
					"$(inherited)",
					"@executable_path/Frameworks",
					"@loader_path/Frameworks",
				);
				PRODUCT_BUNDLE_IDENTIFIER = com.evansyeung.BullseyeUITests;
				PRODUCT_NAME = "$(TARGET_NAME)";
				SWIFT_VERSION = 5.0;
				TARGETED_DEVICE_FAMILY = "1,2";
				TEST_TARGET_NAME = Bullseye;
			};
			name = Release;
		};
/* End XCBuildConfiguration section */

/* Begin XCConfigurationList section */
		5DAE40CD25E97F3200CECCF3 /* Build configuration list for PBXProject "Bullseye" */ = {
			isa = XCConfigurationList;
			buildConfigurations = (
				5DAE40F525E97F3400CECCF3 /* Debug */,
				5DAE40F625E97F3400CECCF3 /* Release */,
			);
			defaultConfigurationIsVisible = 0;
			defaultConfigurationName = Release;
		};
		5DAE40F725E97F3400CECCF3 /* Build configuration list for PBXNativeTarget "Bullseye" */ = {
			isa = XCConfigurationList;
			buildConfigurations = (
				5DAE40F825E97F3400CECCF3 /* Debug */,
				5DAE40F925E97F3400CECCF3 /* Release */,
			);
			defaultConfigurationIsVisible = 0;
			defaultConfigurationName = Release;
		};
		5DAE40FA25E97F3400CECCF3 /* Build configuration list for PBXNativeTarget "BullseyeTests" */ = {
			isa = XCConfigurationList;
			buildConfigurations = (
				5DAE40FB25E97F3400CECCF3 /* Debug */,
				5DAE40FC25E97F3400CECCF3 /* Release */,
			);
			defaultConfigurationIsVisible = 0;
			defaultConfigurationName = Release;
		};
		5DAE40FD25E97F3400CECCF3 /* Build configuration list for PBXNativeTarget "BullseyeUITests" */ = {
			isa = XCConfigurationList;
			buildConfigurations = (
				5DAE40FE25E97F3400CECCF3 /* Debug */,
				5DAE40FF25E97F3400CECCF3 /* Release */,
			);
			defaultConfigurationIsVisible = 0;
			defaultConfigurationName = Release;
		};
/* End XCConfigurationList section */
	};
	rootObject = 5DAE40CA25E97F3200CECCF3 /* Project object */;
}
